
Microsoft Visual Studio Solution File, Format Version 12.00
# Visual Studio Version 16
VisualStudioVersion = 16.0.28803.202
MinimumVisualStudioVersion = 10.0.40219.1
Project("{FAE04EC0-301F-11D3-BF4B-00C04F79EFBC}") = "EventClient", "EventClient\EventClient.csproj", "{DB1ED1A8-6FEC-4E55-A4C1-A93D592EDFD4}"
EndProject
Global
	GlobalSection(SolutionConfigurationPlatforms) = preSolution
		Debug|Any CPU = Debug|Any CPU
		Release|Any CPU = Release|Any CPU
	EndGlobalSection
	GlobalSection(ProjectConfigurationPlatforms) = postSolution
		{DB1ED1A8-6FEC-4E55-A4C1-A93D592EDFD4}.Debug|Any CPU.ActiveCfg = Debug|Any CPU
		{DB1ED1A8-6FEC-4E55-A4C1-A93D592EDFD4}.Debug|Any CPU.Build.0 = Debug|Any CPU
		{DB1ED1A8-6FEC-4E55-A4C1-A93D592EDFD4}.Release|Any CPU.ActiveCfg = Release|Any CPU
		{DB1ED1A8-6FEC-4E55-A4C1-A93D592EDFD4}.Release|Any CPU.Build.0 = Release|Any CPU
	EndGlobalSection
	GlobalSection(SolutionProperties) = preSolution
		HideSolutionNode = FALSE
	EndGlobalSection
	GlobalSection(ExtensibilityGlobals) = postSolution
		SolutionGuid = {B2227697-6792-4AE5-A98C-E805A0745D0A}
	EndGlobalSection
EndGlobal
